
Microsoft Visual Studio Solution File, Format Version 12.00
# Visual Studio Version 16
VisualStudioVersion = 16.0.30309.148
MinimumVisualStudioVersion = 10.0.40219.1
Project("{FAE04EC0-301F-11D3-BF4B-00C04F79EFBC}") = "tlf.labtest", "tlf.labtest\tlf.labtest.csproj", "{DD925529-4D48-4BF9-9620-ED84685D7374}"
EndProject
Project("{FAE04EC0-301F-11D3-BF4B-00C04F79EFBC}") = "tfl.test", "tfl.test\tfl.test.csproj", "{E9BA6B72-44E7-45EB-AB46-6A25948EC7E1}"
EndProject
Global
	GlobalSection(SolutionConfigurationPlatforms) = preSolution
		Debug|Any CPU = Debug|Any CPU
		Release|Any CPU = Release|Any CPU
	EndGlobalSection
	GlobalSection(ProjectConfigurationPlatforms) = postSolution
		{DD925529-4D48-4BF9-9620-ED84685D7374}.Debug|Any CPU.ActiveCfg = Debug|Any CPU
		{DD925529-4D48-4BF9-9620-ED84685D7374}.Debug|Any CPU.Build.0 = Debug|Any CPU
		{DD925529-4D48-4BF9-9620-ED84685D7374}.Release|Any CPU.ActiveCfg = Release|Any CPU
		{DD925529-4D48-4BF9-9620-ED84685D7374}.Release|Any CPU.Build.0 = Release|Any CPU
		{E9BA6B72-44E7-45EB-AB46-6A25948EC7E1}.Debug|Any CPU.ActiveCfg = Debug|Any CPU
		{E9BA6B72-44E7-45EB-AB46-6A25948EC7E1}.Debug|Any CPU.Build.0 = Debug|Any CPU
		{E9BA6B72-44E7-45EB-AB46-6A25948EC7E1}.Release|Any CPU.ActiveCfg = Release|Any CPU
		{E9BA6B72-44E7-45EB-AB46-6A25948EC7E1}.Release|Any CPU.Build.0 = Release|Any CPU
	EndGlobalSection
	GlobalSection(SolutionProperties) = preSolution
		HideSolutionNode = FALSE
	EndGlobalSection
	GlobalSection(ExtensibilityGlobals) = postSolution
		SolutionGuid = {AA1C1694-B21E-4CCF-9F56-B75537FCDE68}
	EndGlobalSection
EndGlobal
